
Microsoft Visual Studio Solution File, Format Version 12.00
# Visual Studio Version 17
VisualStudioVersion = 17.0.31903.59
MinimumVisualStudioVersion = 10.0.40219.1
Project("{888888A0-9F3D-457C-B088-3A5042F75D52}") = "сервер питон", "сервер питон.pyproj", "{861D5CB5-588F-4C47-94CF-18848CCF4E37}"
EndProject
Global
	GlobalSection(SolutionConfigurationPlatforms) = preSolution
		Debug|Any CPU = Debug|Any CPU
		Release|Any CPU = Release|Any CPU
	EndGlobalSection
	GlobalSection(ProjectConfigurationPlatforms) = postSolution
		{861D5CB5-588F-4C47-94CF-18848CCF4E37}.Debug|Any CPU.ActiveCfg = Debug|Any CPU
		{861D5CB5-588F-4C47-94CF-18848CCF4E37}.Release|Any CPU.ActiveCfg = Release|Any CPU
	EndGlobalSection
	GlobalSection(SolutionProperties) = preSolution
		HideSolutionNode = FALSE
	EndGlobalSection
	GlobalSection(ExtensibilityGlobals) = postSolution
		SolutionGuid = {22C0BDD7-5FFC-4A33-8300-CE31E96ED609}
	EndGlobalSection
EndGlobal
